
Microsoft Visual Studio Solution File, Format Version 12.00
# Visual Studio Version 16
VisualStudioVersion = 16.0.29209.62
MinimumVisualStudioVersion = 10.0.40219.1
Project("{FAE04EC0-301F-11D3-BF4B-00C04F79EFBC}") = "DiningPhilosophers", "DiningPhilosophers\DiningPhilosophers.csproj", "{CE9773BD-55AA-450B-85FD-F3BC908A8995}"
EndProject
Global
	GlobalSection(SolutionConfigurationPlatforms) = preSolution
		Debug|Any CPU = Debug|Any CPU
		Release|Any CPU = Release|Any CPU
	EndGlobalSection
	GlobalSection(ProjectConfigurationPlatforms) = postSolution
		{CE9773BD-55AA-450B-85FD-F3BC908A8995}.Debug|Any CPU.ActiveCfg = Debug|Any CPU
		{CE9773BD-55AA-450B-85FD-F3BC908A8995}.Debug|Any CPU.Build.0 = Debug|Any CPU
		{CE9773BD-55AA-450B-85FD-F3BC908A8995}.Release|Any CPU.ActiveCfg = Release|Any CPU
		{CE9773BD-55AA-450B-85FD-F3BC908A8995}.Release|Any CPU.Build.0 = Release|Any CPU
	EndGlobalSection
	GlobalSection(SolutionProperties) = preSolution
		HideSolutionNode = FALSE
	EndGlobalSection
	GlobalSection(ExtensibilityGlobals) = postSolution
		SolutionGuid = {E6AB0A08-ABBD-46CB-BF6F-AFFFF1BB364F}
	EndGlobalSection
EndGlobal
